
Microsoft Visual Studio Solution File, Format Version 12.00
# Visual Studio Version 17
VisualStudioVersion = 17.2.32616.157
MinimumVisualStudioVersion = 10.0.40219.1
Project("{FAE04EC0-301F-11D3-BF4B-00C04F79EFBC}") = "ZTM-BigTech", "ZTM-BigTech\ZTM-BigTech.csproj", "{9894294B-7252-4A8B-99A4-9D71B7670E09}"
EndProject
Global
	GlobalSection(SolutionConfigurationPlatforms) = preSolution
		Debug|Any CPU = Debug|Any CPU
		Release|Any CPU = Release|Any CPU
	EndGlobalSection
	GlobalSection(ProjectConfigurationPlatforms) = postSolution
		{9894294B-7252-4A8B-99A4-9D71B7670E09}.Debug|Any CPU.ActiveCfg = Debug|Any CPU
		{9894294B-7252-4A8B-99A4-9D71B7670E09}.Debug|Any CPU.Build.0 = Debug|Any CPU
		{9894294B-7252-4A8B-99A4-9D71B7670E09}.Release|Any CPU.ActiveCfg = Release|Any CPU
		{9894294B-7252-4A8B-99A4-9D71B7670E09}.Release|Any CPU.Build.0 = Release|Any CPU
	EndGlobalSection
	GlobalSection(SolutionProperties) = preSolution
		HideSolutionNode = FALSE
	EndGlobalSection
	GlobalSection(ExtensibilityGlobals) = postSolution
		SolutionGuid = {7FB0E19D-2074-4E13-A582-28AAB4B9E6BB}
	EndGlobalSection
EndGlobal
